// !$*UTF8*$!
{
	archiveVersion = 1;
	classes = {
	};
	objectVersion = 50;
	objects = {

/* Begin PBXBuildFile section */
		9C6A5023246EFA8E003928D2 /* icon2.png in Resources */ = {isa = PBXBuildFile; fileRef = 9C6A5022246EFA8E003928D2 /* icon2.png */; };
		9C799205246E2D69002F84FA /* AppDelegate.swift in Sources */ = {isa = PBXBuildFile; fileRef = 9C799204246E2D69002F84FA /* AppDelegate.swift */; };
		9C799207246E2D69002F84FA /* SceneDelegate.swift in Sources */ = {isa = PBXBuildFile; fileRef = 9C799206246E2D69002F84FA /* SceneDelegate.swift */; };
		9C799209246E2D69002F84FA /* ViewController.swift in Sources */ = {isa = PBXBuildFile; fileRef = 9C799208246E2D69002F84FA /* ViewController.swift */; };
		9C79920C246E2D69002F84FA /* Main.storyboard in Resources */ = {isa = PBXBuildFile; fileRef = 9C79920A246E2D69002F84FA /* Main.storyboard */; };
		9C79920E246E2D6B002F84FA /* Assets.xcassets in Resources */ = {isa = PBXBuildFile; fileRef = 9C79920D246E2D6B002F84FA /* Assets.xcassets */; };
		9C799211246E2D6B002F84FA /* LaunchScreen.storyboard in Resources */ = {isa = PBXBuildFile; fileRef = 9C79920F246E2D6B002F84FA /* LaunchScreen.storyboard */; };
		9C79921C246E2D6C002F84FA /* MazeTests.swift in Sources */ = {isa = PBXBuildFile; fileRef = 9C79921B246E2D6C002F84FA /* MazeTests.swift */; };
		9C799227246E2D6C002F84FA /* MazeUITests.swift in Sources */ = {isa = PBXBuildFile; fileRef = 9C799226246E2D6C002F84FA /* MazeUITests.swift */; };
/* End PBXBuildFile section */

/* Begin PBXContainerItemProxy section */
		9C799218246E2D6C002F84FA /* PBXContainerItemProxy */ = {
			isa = PBXContainerItemProxy;
			containerPortal = 9C7991F9246E2D68002F84FA /* Project object */;
			proxyType = 1;
			remoteGlobalIDString = 9C799200246E2D69002F84FA;
			remoteInfo = Maze;
		};
		9C799223246E2D6C002F84FA /* PBXContainerItemProxy */ = {
			isa = PBXContainerItemProxy;
			containerPortal = 9C7991F9246E2D68002F84FA /* Project object */;
			proxyType = 1;
			remoteGlobalIDString = 9C799200246E2D69002F84FA;
			remoteInfo = Maze;
		};
/* End PBXContainerItemProxy section */

/* Begin PBXFileReference section */
		9C6A5022246EFA8E003928D2 /* icon2.png */ = {isa = PBXFileReference; lastKnownFileType = image.png; path = icon2.png; sourceTree = "<group>"; };
		9C799201246E2D69002F84FA /* 迷路ゲーム.app */ = {isa = PBXFileReference; explicitFileType = wrapper.application; includeInIndex = 0; path = "迷路ゲーム.app"; sourceTree = BUILT_PRODUCTS_DIR; };
		9C799204246E2D69002F84FA /* AppDelegate.swift */ = {isa = PBXFileReference; lastKnownFileType = sourcecode.swift; path = AppDelegate.swift; sourceTree = "<group>"; };
		9C799206246E2D69002F84FA /* SceneDelegate.swift */ = {isa = PBXFileReference; lastKnownFileType = sourcecode.swift; path = SceneDelegate.swift; sourceTree = "<group>"; };
		9C799208246E2D69002F84FA /* ViewController.swift */ = {isa = PBXFileReference; lastKnownFileType = sourcecode.swift; path = ViewController.swift; sourceTree = "<group>"; };
		9C79920B246E2D69002F84FA /* Base */ = {isa = PBXFileReference; lastKnownFileType = file.storyboard; name = Base; path = Base.lproj/Main.storyboard; sourceTree = "<group>"; };
		9C79920D246E2D6B002F84FA /* Assets.xcassets */ = {isa = PBXFileReference; lastKnownFileType = folder.assetcatalog; path = Assets.xcassets; sourceTree = "<group>"; };
		9C799210246E2D6B002F84FA /* Base */ = {isa = PBXFileReference; lastKnownFileType = file.storyboard; name = Base; path = Base.lproj/LaunchScreen.storyboard; sourceTree = "<group>"; };
		9C799212246E2D6B002F84FA /* Info.plist */ = {isa = PBXFileReference; lastKnownFileType = text.plist.xml; path = Info.plist; sourceTree = "<group>"; };
		9C799217246E2D6C002F84FA /* MazeTests.xctest */ = {isa = PBXFileReference; explicitFileType = wrapper.cfbundle; includeInIndex = 0; path = MazeTests.xctest; sourceTree = BUILT_PRODUCTS_DIR; };
		9C79921B246E2D6C002F84FA /* MazeTests.swift */ = {isa = PBXFileReference; lastKnownFileType = sourcecode.swift; path = MazeTests.swift; sourceTree = "<group>"; };
		9C79921D246E2D6C002F84FA /* Info.plist */ = {isa = PBXFileReference; lastKnownFileType = text.plist.xml; path = Info.plist; sourceTree = "<group>"; };
		9C799222246E2D6C002F84FA /* MazeUITests.xctest */ = {isa = PBXFileReference; explicitFileType = wrapper.cfbundle; includeInIndex = 0; path = MazeUITests.xctest; sourceTree = BUILT_PRODUCTS_DIR; };
		9C799226246E2D6C002F84FA /* MazeUITests.swift */ = {isa = PBXFileReference; lastKnownFileType = sourcecode.swift; path = MazeUITests.swift; sourceTree = "<group>"; };
		9C799228246E2D6C002F84FA /* Info.plist */ = {isa = PBXFileReference; lastKnownFileType = text.plist.xml; path = Info.plist; sourceTree = "<group>"; };
/* End PBXFileReference section */

/* Begin PBXFrameworksBuildPhase section */
		9C7991FE246E2D69002F84FA /* Frameworks */ = {
			isa = PBXFrameworksBuildPhase;
			buildActionMask = 2147483647;
			files = (
			);
			runOnlyForDeploymentPostprocessing = 0;
		};
		9C799214246E2D6C002F84FA /* Frameworks */ = {
			isa = PBXFrameworksBuildPhase;
			buildActionMask = 2147483647;
			files = (
			);
			runOnlyForDeploymentPostprocessing = 0;
		};
		9C79921F246E2D6C002F84FA /* Frameworks */ = {
			isa = PBXFrameworksBuildPhase;
			buildActionMask = 2147483647;
			files = (
			);
			runOnlyForDeploymentPostprocessing = 0;
		};
/* End PBXFrameworksBuildPhase section */

/* Begin PBXGroup section */
		9C7991F8246E2D68002F84FA = {
			isa = PBXGroup;
			children = (
				9C6A5022246EFA8E003928D2 /* icon2.png */,
				9C799203246E2D69002F84FA /* Maze */,
				9C79921A246E2D6C002F84FA /* MazeTests */,
				9C799225246E2D6C002F84FA /* MazeUITests */,
				9C799202246E2D69002F84FA /* Products */,
			);
			sourceTree = "<group>";
		};
		9C799202246E2D69002F84FA /* Products */ = {
			isa = PBXGroup;
			children = (
				9C799201246E2D69002F84FA /* 迷路ゲーム.app */,
				9C799217246E2D6C002F84FA /* MazeTests.xctest */,
				9C799222246E2D6C002F84FA /* MazeUITests.xctest */,
			);
			name = Products;
			sourceTree = "<group>";
		};
		9C799203246E2D69002F84FA /* Maze */ = {
			isa = PBXGroup;
			children = (
				9C799204246E2D69002F84FA /* AppDelegate.swift */,
				9C799206246E2D69002F84FA /* SceneDelegate.swift */,
				9C799208246E2D69002F84FA /* ViewController.swift */,
				9C79920A246E2D69002F84FA /* Main.storyboard */,
				9C79920D246E2D6B002F84FA /* Assets.xcassets */,
				9C79920F246E2D6B002F84FA /* LaunchScreen.storyboard */,
				9C799212246E2D6B002F84FA /* Info.plist */,
			);
			path = Maze;
			sourceTree = "<group>";
		};
		9C79921A246E2D6C002F84FA /* MazeTests */ = {
			isa = PBXGroup;
			children = (
				9C79921B246E2D6C002F84FA /* MazeTests.swift */,
				9C79921D246E2D6C002F84FA /* Info.plist */,
			);
			path = MazeTests;
			sourceTree = "<group>";
		};
		9C799225246E2D6C002F84FA /* MazeUITests */ = {
			isa = PBXGroup;
			children = (
				9C799226246E2D6C002F84FA /* MazeUITests.swift */,
				9C799228246E2D6C002F84FA /* Info.plist */,
			);
			path = MazeUITests;
			sourceTree = "<group>";
		};
/* End PBXGroup section */

/* Begin PBXNativeTarget section */
		9C799200246E2D69002F84FA /* Maze */ = {
			isa = PBXNativeTarget;
			buildConfigurationList = 9C79922B246E2D6C002F84FA /* Build configuration list for PBXNativeTarget "Maze" */;
			buildPhases = (
				9C7991FD246E2D69002F84FA /* Sources */,
				9C7991FE246E2D69002F84FA /* Frameworks */,
				9C7991FF246E2D69002F84FA /* Resources */,
			);
			buildRules = (
			);
			dependencies = (
			);
			name = Maze;
			productName = Maze;
			productReference = 9C799201246E2D69002F84FA /* 迷路ゲーム.app */;
			productType = "com.apple.product-type.application";
		};
		9C799216246E2D6C002F84FA /* MazeTests */ = {
			isa = PBXNativeTarget;
			buildConfigurationList = 9C79922E246E2D6C002F84FA /* Build configuration list for PBXNativeTarget "MazeTests" */;
			buildPhases = (
				9C799213246E2D6C002F84FA /* Sources */,
				9C799214246E2D6C002F84FA /* Frameworks */,
				9C799215246E2D6C002F84FA /* Resources */,
			);
			buildRules = (
			);
			dependencies = (
				9C799219246E2D6C002F84FA /* PBXTargetDependency */,
			);
			name = MazeTests;
			productName = MazeTests;
			productReference = 9C799217246E2D6C002F84FA /* MazeTests.xctest */;
			productType = "com.apple.product-type.bundle.unit-test";
		};
		9C799221246E2D6C002F84FA /* MazeUITests */ = {
			isa = PBXNativeTarget;
			buildConfigurationList = 9C799231246E2D6C002F84FA /* Build configuration list for PBXNativeTarget "MazeUITests" */;
			buildPhases = (
				9C79921E246E2D6C002F84FA /* Sources */,
				9C79921F246E2D6C002F84FA /* Frameworks */,
				9C799220246E2D6C002F84FA /* Resources */,
			);
			buildRules = (
			);
			dependencies = (
				9C799224246E2D6C002F84FA /* PBXTargetDependency */,
			);
			name = MazeUITests;
			productName = MazeUITests;
			productReference = 9C799222246E2D6C002F84FA /* MazeUITests.xctest */;
			productType = "com.apple.product-type.bundle.ui-testing";
		};
/* End PBXNativeTarget section */

/* Begin PBXProject section */
		9C7991F9246E2D68002F84FA /* Project object */ = {
			isa = PBXProject;
			attributes = {
				LastSwiftUpdateCheck = 1140;
				LastUpgradeCheck = 1140;
				ORGANIZATIONNAME = "松島優希";
				TargetAttributes = {
					9C799200246E2D69002F84FA = {
						CreatedOnToolsVersion = 11.4.1;
					};
					9C799216246E2D6C002F84FA = {
						CreatedOnToolsVersion = 11.4.1;
						TestTargetID = 9C799200246E2D69002F84FA;
					};
					9C799221246E2D6C002F84FA = {
						CreatedOnToolsVersion = 11.4.1;
						TestTargetID = 9C799200246E2D69002F84FA;
					};
				};
			};
			buildConfigurationList = 9C7991FC246E2D68002F84FA /* Build configuration list for PBXProject "Maze" */;
			compatibilityVersion = "Xcode 9.3";
			developmentRegion = en;
			hasScannedForEncodings = 0;
			knownRegions = (
				en,
				Base,
			);
			mainGroup = 9C7991F8246E2D68002F84FA;
			productRefGroup = 9C799202246E2D69002F84FA /* Products */;
			projectDirPath = "";
			projectRoot = "";
			targets = (
				9C799200246E2D69002F84FA /* Maze */,
				9C799216246E2D6C002F84FA /* MazeTests */,
				9C799221246E2D6C002F84FA /* MazeUITests */,
			);
		};
/* End PBXProject section */

/* Begin PBXResourcesBuildPhase section */
		9C7991FF246E2D69002F84FA /* Resources */ = {
			isa = PBXResourcesBuildPhase;
			buildActionMask = 2147483647;
			files = (
				9C799211246E2D6B002F84FA /* LaunchScreen.storyboard in Resources */,
				9C79920E246E2D6B002F84FA /* Assets.xcassets in Resources */,
				9C79920C246E2D69002F84FA /* Main.storyboard in Resources */,
				9C6A5023246EFA8E003928D2 /* icon2.png in Resources */,
			);
			runOnlyForDeploymentPostprocessing = 0;
		};
		9C799215246E2D6C002F84FA /* Resources */ = {
			isa = PBXResourcesBuildPhase;
			buildActionMask = 2147483647;
			files = (
			);
			runOnlyForDeploymentPostprocessing = 0;
		};
		9C799220246E2D6C002F84FA /* Resources */ = {
			isa = PBXResourcesBuildPhase;
			buildActionMask = 2147483647;
			files = (
			);
			runOnlyForDeploymentPostprocessing = 0;
		};
/* End PBXResourcesBuildPhase section */

/* Begin PBXSourcesBuildPhase section */
		9C7991FD246E2D69002F84FA /* Sources */ = {
			isa = PBXSourcesBuildPhase;
			buildActionMask = 2147483647;
			files = (
				9C799209246E2D69002F84FA /* ViewController.swift in Sources */,
				9C799205246E2D69002F84FA /* AppDelegate.swift in Sources */,
				9C799207246E2D69002F84FA /* SceneDelegate.swift in Sources */,
			);
			runOnlyForDeploymentPostprocessing = 0;
		};
		9C799213246E2D6C002F84FA /* Sources */ = {
			isa = PBXSourcesBuildPhase;
			buildActionMask = 2147483647;
			files = (
				9C79921C246E2D6C002F84FA /* MazeTests.swift in Sources */,
			);
			runOnlyForDeploymentPostprocessing = 0;
		};
		9C79921E246E2D6C002F84FA /* Sources */ = {
			isa = PBXSourcesBuildPhase;
			buildActionMask = 2147483647;
			files = (
				9C799227246E2D6C002F84FA /* MazeUITests.swift in Sources */,
			);
			runOnlyForDeploymentPostprocessing = 0;
		};
/* End PBXSourcesBuildPhase section */

/* Begin PBXTargetDependency section */
		9C799219246E2D6C002F84FA /* PBXTargetDependency */ = {
			isa = PBXTargetDependency;
			target = 9C799200246E2D69002F84FA /* Maze */;
			targetProxy = 9C799218246E2D6C002F84FA /* PBXContainerItemProxy */;
		};
		9C799224246E2D6C002F84FA /* PBXTargetDependency */ = {
			isa = PBXTargetDependency;
			target = 9C799200246E2D69002F84FA /* Maze */;
			targetProxy = 9C799223246E2D6C002F84FA /* PBXContainerItemProxy */;
		};
/* End PBXTargetDependency section */

/* Begin PBXVariantGroup section */
		9C79920A246E2D69002F84FA /* Main.storyboard */ = {
			isa = PBXVariantGroup;
			children = (
				9C79920B246E2D69002F84FA /* Base */,
			);
			name = Main.storyboard;
			sourceTree = "<group>";
		};
		9C79920F246E2D6B002F84FA /* LaunchScreen.storyboard */ = {
			isa = PBXVariantGroup;
			children = (
				9C799210246E2D6B002F84FA /* Base */,
			);
			name = LaunchScreen.storyboard;
			sourceTree = "<group>";
		};
/* End PBXVariantGroup section */

/* Begin XCBuildConfiguration section */
		9C799229246E2D6C002F84FA /* Debug */ = {
			isa = XCBuildConfiguration;
			buildSettings = {
				ALWAYS_SEARCH_USER_PATHS = NO;
				CLANG_ANALYZER_NONNULL = YES;
				CLANG_ANALYZER_NUMBER_OBJECT_CONVERSION = YES_AGGRESSIVE;
				CLANG_CXX_LANGUAGE_STANDARD = "gnu++14";
				CLANG_CXX_LIBRARY = "libc++";
				CLANG_ENABLE_MODULES = YES;
				CLANG_ENABLE_OBJC_ARC = YES;
				CLANG_ENABLE_OBJC_WEAK = YES;
				CLANG_WARN_BLOCK_CAPTURE_AUTORELEASING = YES;
				CLANG_WARN_BOOL_CONVERSION = YES;
				CLANG_WARN_COMMA = YES;
				CLANG_WARN_CONSTANT_CONVERSION = YES;
				CLANG_WARN_DEPRECATED_OBJC_IMPLEMENTATIONS = YES;
				CLANG_WARN_DIRECT_OBJC_ISA_USAGE = YES_ERROR;
				CLANG_WARN_DOCUMENTATION_COMMENTS = YES;
				CLANG_WARN_EMPTY_BODY = YES;
				CLANG_WARN_ENUM_CONVERSION = YES;
				CLANG_WARN_INFINITE_RECURSION = YES;
				CLANG_WARN_INT_CONVERSION = YES;
				CLANG_WARN_NON_LITERAL_NULL_CONVERSION = YES;
				CLANG_WARN_OBJC_IMPLICIT_RETAIN_SELF = YES;
				CLANG_WARN_OBJC_LITERAL_CONVERSION = YES;
				CLANG_WARN_OBJC_ROOT_CLASS = YES_ERROR;
				CLANG_WARN_RANGE_LOOP_ANALYSIS = YES;
				CLANG_WARN_STRICT_PROTOTYPES = YES;
				CLANG_WARN_SUSPICIOUS_MOVE = YES;
				CLANG_WARN_UNGUARDED_AVAILABILITY = YES_AGGRESSIVE;
				CLANG_WARN_UNREACHABLE_CODE = YES;
				CLANG_WARN__DUPLICATE_METHOD_MATCH = YES;
				COPY_PHASE_STRIP = NO;
				DEBUG_INFORMATION_FORMAT = dwarf;
				ENABLE_STRICT_OBJC_MSGSEND = YES;
				ENABLE_TESTABILITY = YES;
				GCC_C_LANGUAGE_STANDARD = gnu11;
				GCC_DYNAMIC_NO_PIC = NO;
				GCC_NO_COMMON_BLOCKS = YES;
				GCC_OPTIMIZATION_LEVEL = 0;
				GCC_PREPROCESSOR_DEFINITIONS = (
					"DEBUG=1",
					"$(inherited)",
				);
				GCC_WARN_64_TO_32_BIT_CONVERSION = YES;
				GCC_WARN_ABOUT_RETURN_TYPE = YES_ERROR;
				GCC_WARN_UNDECLARED_SELECTOR = YES;
				GCC_WARN_UNINITIALIZED_AUTOS = YES_AGGRESSIVE;
				GCC_WARN_UNUSED_FUNCTION = YES;
				GCC_WARN_UNUSED_VARIABLE = YES;
				IPHONEOS_DEPLOYMENT_TARGET = 13.4;
				MTL_ENABLE_DEBUG_INFO = INCLUDE_SOURCE;
				MTL_FAST_MATH = YES;
				ONLY_ACTIVE_ARCH = YES;
				SDKROOT = iphoneos;
				SWIFT_ACTIVE_COMPILATION_CONDITIONS = DEBUG;
				SWIFT_OPTIMIZATION_LEVEL = "-Onone";
			};
			name = Debug;
		};
		9C79922A246E2D6C002F84FA /* Release */ = {
			isa = XCBuildConfiguration;
			buildSettings = {
				ALWAYS_SEARCH_USER_PATHS = NO;
				CLANG_ANALYZER_NONNULL = YES;
				CLANG_ANALYZER_NUMBER_OBJECT_CONVERSION = YES_AGGRESSIVE;
				CLANG_CXX_LANGUAGE_STANDARD = "gnu++14";
				CLANG_CXX_LIBRARY = "libc++";
				CLANG_ENABLE_MODULES = YES;
				CLANG_ENABLE_OBJC_ARC = YES;
				CLANG_ENABLE_OBJC_WEAK = YES;
				CLANG_WARN_BLOCK_CAPTURE_AUTORELEASING = YES;
				CLANG_WARN_BOOL_CONVERSION = YES;
				CLANG_WARN_COMMA = YES;
				CLANG_WARN_CONSTANT_CONVERSION = YES;
				CLANG_WARN_DEPRECATED_OBJC_IMPLEMENTATIONS = YES;
				CLANG_WARN_DIRECT_OBJC_ISA_USAGE = YES_ERROR;
				CLANG_WARN_DOCUMENTATION_COMMENTS = YES;
				CLANG_WARN_EMPTY_BODY = YES;
				CLANG_WARN_ENUM_CONVERSION = YES;
				CLANG_WARN_INFINITE_RECURSION = YES;
				CLANG_WARN_INT_CONVERSION = YES;
				CLANG_WARN_NON_LITERAL_NULL_CONVERSION = YES;
				CLANG_WARN_OBJC_IMPLICIT_RETAIN_SELF = YES;
				CLANG_WARN_OBJC_LITERAL_CONVERSION = YES;
				CLANG_WARN_OBJC_ROOT_CLASS = YES_ERROR;
				CLANG_WARN_RANGE_LOOP_ANALYSIS = YES;
				CLANG_WARN_STRICT_PROTOTYPES = YES;
				CLANG_WARN_SUSPICIOUS_MOVE = YES;
				CLANG_WARN_UNGUARDED_AVAILABILITY = YES_AGGRESSIVE;
				CLANG_WARN_UNREACHABLE_CODE = YES;
				CLANG_WARN__DUPLICATE_METHOD_MATCH = YES;
				COPY_PHASE_STRIP = NO;
				DEBUG_INFORMATION_FORMAT = "dwarf-with-dsym";
				ENABLE_NS_ASSERTIONS = NO;
				ENABLE_STRICT_OBJC_MSGSEND = YES;
				GCC_C_LANGUAGE_STANDARD = gnu11;
				GCC_NO_COMMON_BLOCKS = YES;
				GCC_WARN_64_TO_32_BIT_CONVERSION = YES;
				GCC_WARN_ABOUT_RETURN_TYPE = YES_ERROR;
				GCC_WARN_UNDECLARED_SELECTOR = YES;
				GCC_WARN_UNINITIALIZED_AUTOS = YES_AGGRESSIVE;
				GCC_WARN_UNUSED_FUNCTION = YES;
				GCC_WARN_UNUSED_VARIABLE = YES;
				IPHONEOS_DEPLOYMENT_TARGET = 13.4;
				MTL_ENABLE_DEBUG_INFO = NO;
				MTL_FAST_MATH = YES;
				SDKROOT = iphoneos;
				SWIFT_COMPILATION_MODE = wholemodule;
				SWIFT_OPTIMIZATION_LEVEL = "-O";
				VALIDATE_PRODUCT = YES;
			};
			name = Release;
		};
		9C79922C246E2D6C002F84FA /* Debug */ = {
			isa = XCBuildConfiguration;
			buildSettings = {
				ASSETCATALOG_COMPILER_APPICON_NAME = AppIcon;
				CODE_SIGN_STYLE = Automatic;
				DEVELOPMENT_TEAM = 9DC67NVFSC;
				INFOPLIST_FILE = Maze/Info.plist;
				IPHONEOS_DEPLOYMENT_TARGET = 13.4;
				LD_RUNPATH_SEARCH_PATHS = (
					"$(inherited)",
					"@executable_path/Frameworks",
				);
				PRODUCT_BUNDLE_IDENTIFIER = app.matsushima.mukku.Count;
				PRODUCT_NAME = "迷路ゲーム";
				SWIFT_VERSION = 5.0;
				TARGETED_DEVICE_FAMILY = "1,2";
			};
			name = Debug;
		};
		9C79922D246E2D6C002F84FA /* Release */ = {
			isa = XCBuildConfiguration;
			buildSettings = {
				ASSETCATALOG_COMPILER_APPICON_NAME = AppIcon;
				CODE_SIGN_STYLE = Automatic;
				DEVELOPMENT_TEAM = 9DC67NVFSC;
				INFOPLIST_FILE = Maze/Info.plist;
				IPHONEOS_DEPLOYMENT_TARGET = 13.4;
				LD_RUNPATH_SEARCH_PATHS = (
					"$(inherited)",
					"@executable_path/Frameworks",
				);
				PRODUCT_BUNDLE_IDENTIFIER = app.matsushima.mukku.Count;
				PRODUCT_NAME = "迷路ゲーム";
				SWIFT_VERSION = 5.0;
				TARGETED_DEVICE_FAMILY = "1,2";
			};
			name = Release;
		};
		9C79922F246E2D6C002F84FA /* Debug */ = {
			isa = XCBuildConfiguration;
			buildSettings = {
				ALWAYS_EMBED_SWIFT_STANDARD_LIBRARIES = YES;
				BUNDLE_LOADER = "$(TEST_HOST)";
				CODE_SIGN_STYLE = Automatic;
				DEVELOPMENT_TEAM = 9DC67NVFSC;
				INFOPLIST_FILE = MazeTests/Info.plist;
				IPHONEOS_DEPLOYMENT_TARGET = 13.4;
				LD_RUNPATH_SEARCH_PATHS = (
					"$(inherited)",
					"@executable_path/Frameworks",
					"@loader_path/Frameworks",
				);
				PRODUCT_BUNDLE_IDENTIFIER = app.matsushima.mukku.MazeTests;
				PRODUCT_NAME = "$(TARGET_NAME)";
				SWIFT_VERSION = 5.0;
				TARGETED_DEVICE_FAMILY = "1,2";
				TEST_HOST = "$(BUILT_PRODUCTS_DIR)/Maze.app/Maze";
			};
			name = Debug;
		};
		9C799230246E2D6C002F84FA /* Release */ = {
			isa = XCBuildConfiguration;
			buildSettings = {
				ALWAYS_EMBED_SWIFT_STANDARD_LIBRARIES = YES;
				BUNDLE_LOADER = "$(TEST_HOST)";
				CODE_SIGN_STYLE = Automatic;
				DEVELOPMENT_TEAM = 9DC67NVFSC;
				INFOPLIST_FILE = MazeTests/Info.plist;
				IPHONEOS_DEPLOYMENT_TARGET = 13.4;
				LD_RUNPATH_SEARCH_PATHS = (
					"$(inherited)",
					"@executable_path/Frameworks",
					"@loader_path/Frameworks",
				);
				PRODUCT_BUNDLE_IDENTIFIER = app.matsushima.mukku.MazeTests;
				PRODUCT_NAME = "$(TARGET_NAME)";
				SWIFT_VERSION = 5.0;
				TARGETED_DEVICE_FAMILY = "1,2";
				TEST_HOST = "$(BUILT_PRODUCTS_DIR)/Maze.app/Maze";
			};
			name = Release;
		};
		9C799232246E2D6C002F84FA /* Debug */ = {
			isa = XCBuildConfiguration;
			buildSettings = {
				ALWAYS_EMBED_SWIFT_STANDARD_LIBRARIES = YES;
				CODE_SIGN_STYLE = Automatic;
				DEVELOPMENT_TEAM = 9DC67NVFSC;
				INFOPLIST_FILE = MazeUITests/Info.plist;
				LD_RUNPATH_SEARCH_PATHS = (
					"$(inherited)",
					"@executable_path/Frameworks",
					"@loader_path/Frameworks",
				);
				PRODUCT_BUNDLE_IDENTIFIER = app.matsushima.mukku.MazeUITests;
				PRODUCT_NAME = "$(TARGET_NAME)";
				SWIFT_VERSION = 5.0;
				TARGETED_DEVICE_FAMILY = "1,2";
				TEST_TARGET_NAME = Maze;
			};
			name = Debug;
		};
		9C799233246E2D6C002F84FA /* Release */ = {
			isa = XCBuildConfiguration;
			buildSettings = {
				ALWAYS_EMBED_SWIFT_STANDARD_LIBRARIES = YES;
				CODE_SIGN_STYLE = Automatic;
				DEVELOPMENT_TEAM = 9DC67NVFSC;
				INFOPLIST_FILE = MazeUITests/Info.plist;
				LD_RUNPATH_SEARCH_PATHS = (
					"$(inherited)",
					"@executable_path/Frameworks",
					"@loader_path/Frameworks",
				);
				PRODUCT_BUNDLE_IDENTIFIER = app.matsushima.mukku.MazeUITests;
				PRODUCT_NAME = "$(TARGET_NAME)";
				SWIFT_VERSION = 5.0;
				TARGETED_DEVICE_FAMILY = "1,2";
				TEST_TARGET_NAME = Maze;
			};
			name = Release;
		};
/* End XCBuildConfiguration section */

/* Begin XCConfigurationList section */
		9C7991FC246E2D68002F84FA /* Build configuration list for PBXProject "Maze" */ = {
			isa = XCConfigurationList;
			buildConfigurations = (
				9C799229246E2D6C002F84FA /* Debug */,
				9C79922A246E2D6C002F84FA /* Release */,
			);
			defaultConfigurationIsVisible = 0;
			defaultConfigurationName = Release;
		};
		9C79922B246E2D6C002F84FA /* Build configuration list for PBXNativeTarget "Maze" */ = {
			isa = XCConfigurationList;
			buildConfigurations = (
				9C79922C246E2D6C002F84FA /* Debug */,
				9C79922D246E2D6C002F84FA /* Release */,
			);
			defaultConfigurationIsVisible = 0;
			defaultConfigurationName = Release;
		};
		9C79922E246E2D6C002F84FA /* Build configuration list for PBXNativeTarget "MazeTests" */ = {
			isa = XCConfigurationList;
			buildConfigurations = (
				9C79922F246E2D6C002F84FA /* Debug */,
				9C799230246E2D6C002F84FA /* Release */,
			);
			defaultConfigurationIsVisible = 0;
			defaultConfigurationName = Release;
		};
		9C799231246E2D6C002F84FA /* Build configuration list for PBXNativeTarget "MazeUITests" */ = {
			isa = XCConfigurationList;
			buildConfigurations = (
				9C799232246E2D6C002F84FA /* Debug */,
				9C799233246E2D6C002F84FA /* Release */,
			);
			defaultConfigurationIsVisible = 0;
			defaultConfigurationName = Release;
		};
/* End XCConfigurationList section */
	};
	rootObject = 9C7991F9246E2D68002F84FA /* Project object */;
}
